
Microsoft Visual Studio Solution File, Format Version 12.00
# Visual Studio Version 17
VisualStudioVersion = 17.6.33723.286
MinimumVisualStudioVersion = 10.0.40219.1
Project("{FAE04EC0-301F-11D3-BF4B-00C04F79EFBC}") = "HouseMangment", "HouseMangment.csproj", "{76FD518C-DA06-442B-AFF3-BB915237245E}"
EndProject
Global
	GlobalSection(SolutionConfigurationPlatforms) = preSolution
		Debug|Any CPU = Debug|Any CPU
		Release|Any CPU = Release|Any CPU
	EndGlobalSection
	GlobalSection(ProjectConfigurationPlatforms) = postSolution
		{76FD518C-DA06-442B-AFF3-BB915237245E}.Debug|Any CPU.ActiveCfg = Debug|Any CPU
		{76FD518C-DA06-442B-AFF3-BB915237245E}.Debug|Any CPU.Build.0 = Debug|Any CPU
		{76FD518C-DA06-442B-AFF3-BB915237245E}.Release|Any CPU.ActiveCfg = Release|Any CPU
		{76FD518C-DA06-442B-AFF3-BB915237245E}.Release|Any CPU.Build.0 = Release|Any CPU
	EndGlobalSection
	GlobalSection(SolutionProperties) = preSolution
		HideSolutionNode = FALSE
	EndGlobalSection
	GlobalSection(ExtensibilityGlobals) = postSolution
		SolutionGuid = {5B08033B-57DE-49A1-94CA-FF215EAC10E8}
	EndGlobalSection
EndGlobal
